
Microsoft Visual Studio Solution File, Format Version 12.00
# Visual Studio Version 17
VisualStudioVersion = 17.1.32319.34
MinimumVisualStudioVersion = 10.0.40219.1
Project("{FAE04EC0-301F-11D3-BF4B-00C04F79EFBC}") = "CosmosDB_project", "CosmosDB_project\CosmosDB_project.csproj", "{D4A08A78-52B0-4529-87BE-1D0B121CB012}"
EndProject
Global
	GlobalSection(SolutionConfigurationPlatforms) = preSolution
		Debug|Any CPU = Debug|Any CPU
		Release|Any CPU = Release|Any CPU
	EndGlobalSection
	GlobalSection(ProjectConfigurationPlatforms) = postSolution
		{D4A08A78-52B0-4529-87BE-1D0B121CB012}.Debug|Any CPU.ActiveCfg = Debug|Any CPU
		{D4A08A78-52B0-4529-87BE-1D0B121CB012}.Debug|Any CPU.Build.0 = Debug|Any CPU
		{D4A08A78-52B0-4529-87BE-1D0B121CB012}.Release|Any CPU.ActiveCfg = Release|Any CPU
		{D4A08A78-52B0-4529-87BE-1D0B121CB012}.Release|Any CPU.Build.0 = Release|Any CPU
	EndGlobalSection
	GlobalSection(SolutionProperties) = preSolution
		HideSolutionNode = FALSE
	EndGlobalSection
	GlobalSection(ExtensibilityGlobals) = postSolution
		SolutionGuid = {50314306-5E2F-4838-8A3F-819DEC89A389}
	EndGlobalSection
EndGlobal
