
Microsoft Visual Studio Solution File, Format Version 12.00
# Visual Studio Version 17
VisualStudioVersion = 17.1.32319.34
MinimumVisualStudioVersion = 10.0.40219.1
Project("{FAE04EC0-301F-11D3-BF4B-00C04F79EFBC}") = "Cinema_BDproject", "Cinema_BDproject\Cinema_BDproject.csproj", "{0E724BF5-6CC8-465A-8B14-7993A2880C87}"
EndProject
Global
	GlobalSection(SolutionConfigurationPlatforms) = preSolution
		Debug|Any CPU = Debug|Any CPU
		Release|Any CPU = Release|Any CPU
	EndGlobalSection
	GlobalSection(ProjectConfigurationPlatforms) = postSolution
		{0E724BF5-6CC8-465A-8B14-7993A2880C87}.Debug|Any CPU.ActiveCfg = Debug|Any CPU
		{0E724BF5-6CC8-465A-8B14-7993A2880C87}.Debug|Any CPU.Build.0 = Debug|Any CPU
		{0E724BF5-6CC8-465A-8B14-7993A2880C87}.Release|Any CPU.ActiveCfg = Release|Any CPU
		{0E724BF5-6CC8-465A-8B14-7993A2880C87}.Release|Any CPU.Build.0 = Release|Any CPU
	EndGlobalSection
	GlobalSection(SolutionProperties) = preSolution
		HideSolutionNode = FALSE
	EndGlobalSection
	GlobalSection(ExtensibilityGlobals) = postSolution
		SolutionGuid = {00513135-77DD-4061-BD4F-0E544485FB05}
	EndGlobalSection
EndGlobal
