
Microsoft Visual Studio Solution File, Format Version 12.00
# Visual Studio Version 17
VisualStudioVersion = 17.1.32319.34
MinimumVisualStudioVersion = 10.0.40219.1
Project("{FAE04EC0-301F-11D3-BF4B-00C04F79EFBC}") = "Oodp_6", "Oodp_6\Oodp_6.csproj", "{94116FC0-D1E7-4930-9451-2C6E59467CC3}"
EndProject
Project("{FAE04EC0-301F-11D3-BF4B-00C04F79EFBC}") = "ClientObject", "ClientObject\ClientObject.csproj", "{71268667-F56B-4417-B5D8-9E67EACA3F94}"
EndProject
Global
	GlobalSection(SolutionConfigurationPlatforms) = preSolution
		Debug|Any CPU = Debug|Any CPU
		Release|Any CPU = Release|Any CPU
	EndGlobalSection
	GlobalSection(ProjectConfigurationPlatforms) = postSolution
		{94116FC0-D1E7-4930-9451-2C6E59467CC3}.Debug|Any CPU.ActiveCfg = Debug|Any CPU
		{94116FC0-D1E7-4930-9451-2C6E59467CC3}.Debug|Any CPU.Build.0 = Debug|Any CPU
		{94116FC0-D1E7-4930-9451-2C6E59467CC3}.Release|Any CPU.ActiveCfg = Release|Any CPU
		{94116FC0-D1E7-4930-9451-2C6E59467CC3}.Release|Any CPU.Build.0 = Release|Any CPU
		{71268667-F56B-4417-B5D8-9E67EACA3F94}.Debug|Any CPU.ActiveCfg = Debug|Any CPU
		{71268667-F56B-4417-B5D8-9E67EACA3F94}.Debug|Any CPU.Build.0 = Debug|Any CPU
		{71268667-F56B-4417-B5D8-9E67EACA3F94}.Release|Any CPU.ActiveCfg = Release|Any CPU
		{71268667-F56B-4417-B5D8-9E67EACA3F94}.Release|Any CPU.Build.0 = Release|Any CPU
	EndGlobalSection
	GlobalSection(SolutionProperties) = preSolution
		HideSolutionNode = FALSE
	EndGlobalSection
	GlobalSection(ExtensibilityGlobals) = postSolution
		SolutionGuid = {FD8B3EAF-DBF7-4201-9F3A-D4997EDB3118}
	EndGlobalSection
EndGlobal
