
Microsoft Visual Studio Solution File, Format Version 12.00
# Visual Studio Version 17
VisualStudioVersion = 17.0.32014.148
MinimumVisualStudioVersion = 10.0.40219.1
Project("{FAE04EC0-301F-11D3-BF4B-00C04F79EFBC}") = "Thelara", "Thelara\Thelara.csproj", "{CB204EB6-EC6D-45B3-9F96-2C5BCD8958D0}"
EndProject
Global
	GlobalSection(SolutionConfigurationPlatforms) = preSolution
		Debug|Any CPU = Debug|Any CPU
		Release|Any CPU = Release|Any CPU
	EndGlobalSection
	GlobalSection(ProjectConfigurationPlatforms) = postSolution
		{CB204EB6-EC6D-45B3-9F96-2C5BCD8958D0}.Debug|Any CPU.ActiveCfg = Debug|Any CPU
		{CB204EB6-EC6D-45B3-9F96-2C5BCD8958D0}.Debug|Any CPU.Build.0 = Debug|Any CPU
		{CB204EB6-EC6D-45B3-9F96-2C5BCD8958D0}.Release|Any CPU.ActiveCfg = Release|Any CPU
		{CB204EB6-EC6D-45B3-9F96-2C5BCD8958D0}.Release|Any CPU.Build.0 = Release|Any CPU
	EndGlobalSection
	GlobalSection(SolutionProperties) = preSolution
		HideSolutionNode = FALSE
	EndGlobalSection
	GlobalSection(ExtensibilityGlobals) = postSolution
		SolutionGuid = {75891AA9-FDF3-46D7-9F22-864E2A823F94}
	EndGlobalSection
EndGlobal
