
Microsoft Visual Studio Solution File, Format Version 12.00
# Visual Studio Version 17
VisualStudioVersion = 17.1.32319.34
MinimumVisualStudioVersion = 10.0.40219.1
Project("{FAE04EC0-301F-11D3-BF4B-00C04F79EFBC}") = "Code", "Code\Code.csproj", "{40745E76-F8DE-4D85-8E56-E456376A705A}"
EndProject
Global
	GlobalSection(SolutionConfigurationPlatforms) = preSolution
		Debug|Any CPU = Debug|Any CPU
		Release|Any CPU = Release|Any CPU
	EndGlobalSection
	GlobalSection(ProjectConfigurationPlatforms) = postSolution
		{40745E76-F8DE-4D85-8E56-E456376A705A}.Debug|Any CPU.ActiveCfg = Debug|Any CPU
		{40745E76-F8DE-4D85-8E56-E456376A705A}.Debug|Any CPU.Build.0 = Debug|Any CPU
		{40745E76-F8DE-4D85-8E56-E456376A705A}.Release|Any CPU.ActiveCfg = Release|Any CPU
		{40745E76-F8DE-4D85-8E56-E456376A705A}.Release|Any CPU.Build.0 = Release|Any CPU
	EndGlobalSection
	GlobalSection(SolutionProperties) = preSolution
		HideSolutionNode = FALSE
	EndGlobalSection
	GlobalSection(ExtensibilityGlobals) = postSolution
		SolutionGuid = {0D3372AA-802B-4D3E-8212-6C63C0B673F1}
	EndGlobalSection
EndGlobal
